
Microsoft Visual Studio Solution File, Format Version 12.00
# Visual Studio Version 17
VisualStudioVersion = 17.11.35312.102
MinimumVisualStudioVersion = 10.0.40219.1
Project("{FAE04EC0-301F-11D3-BF4B-00C04F79EFBC}") = "AUM-Bot", "AUM-Bot.csproj", "{8DC52ED8-62A7-4CB6-AE0B-13536BFC3756}"
EndProject
Global
	GlobalSection(SolutionConfigurationPlatforms) = preSolution
		Debug|Any CPU = Debug|Any CPU
		Release|Any CPU = Release|Any CPU
	EndGlobalSection
	GlobalSection(ProjectConfigurationPlatforms) = postSolution
		{8DC52ED8-62A7-4CB6-AE0B-13536BFC3756}.Debug|Any CPU.ActiveCfg = Debug|Any CPU
		{8DC52ED8-62A7-4CB6-AE0B-13536BFC3756}.Debug|Any CPU.Build.0 = Debug|Any CPU
		{8DC52ED8-62A7-4CB6-AE0B-13536BFC3756}.Release|Any CPU.ActiveCfg = Release|Any CPU
		{8DC52ED8-62A7-4CB6-AE0B-13536BFC3756}.Release|Any CPU.Build.0 = Release|Any CPU
	EndGlobalSection
	GlobalSection(SolutionProperties) = preSolution
		HideSolutionNode = FALSE
	EndGlobalSection
	GlobalSection(ExtensibilityGlobals) = postSolution
		SolutionGuid = {D7133ABF-651F-4AC4-8FA4-D5D25DDE21F1}
	EndGlobalSection
EndGlobal
